
Microsoft Visual Studio Solution File, Format Version 12.00
# Visual Studio 15
VisualStudioVersion = 15.0.28307.1000
MinimumVisualStudioVersion = 10.0.40219.1
Project("{FAE04EC0-301F-11D3-BF4B-00C04F79EFBC}") = "TheLastPraktika", "TheLastPraktika\TheLastPraktika.csproj", "{F63D266B-E657-4407-96F6-DD9F637D759D}"
EndProject
Global
	GlobalSection(SolutionConfigurationPlatforms) = preSolution
		Debug|Any CPU = Debug|Any CPU
		Release|Any CPU = Release|Any CPU
	EndGlobalSection
	GlobalSection(ProjectConfigurationPlatforms) = postSolution
		{F63D266B-E657-4407-96F6-DD9F637D759D}.Debug|Any CPU.ActiveCfg = Debug|Any CPU
		{F63D266B-E657-4407-96F6-DD9F637D759D}.Debug|Any CPU.Build.0 = Debug|Any CPU
		{F63D266B-E657-4407-96F6-DD9F637D759D}.Release|Any CPU.ActiveCfg = Release|Any CPU
		{F63D266B-E657-4407-96F6-DD9F637D759D}.Release|Any CPU.Build.0 = Release|Any CPU
	EndGlobalSection
	GlobalSection(SolutionProperties) = preSolution
		HideSolutionNode = FALSE
	EndGlobalSection
	GlobalSection(ExtensibilityGlobals) = postSolution
		SolutionGuid = {2F047633-4A46-44A5-A0E9-C592A13A743F}
	EndGlobalSection
EndGlobal
